Microsoft Visual Studio Solution File, Format Version 12.00
# Visual Studio Version 17
VisualStudioVersion = 17.5.2.0
MinimumVisualStudioVersion = 10.0.40219.1
Project("{FAE04EC0-301F-11D3-BF4B-00C04F79EFBC}") = "1. Factorial", "1. Factorial\1. Factorial.csproj", "{9730A762-96D4-CDCA-0A09-6EF13AD94837}"
EndProject
Project("{FAE04EC0-301F-11D3-BF4B-00C04F79EFBC}") = "2. Simple OOP", "2. Simple OOP\2. Simple OOP.csproj", "{FD3BD366-7135-621B-56E1-B395BE62A67B}"
EndProject
Project("{FAE04EC0-301F-11D3-BF4B-00C04F79EFBC}") = "3. Collections and Strings", "3. Collections and Strings\3. Collections and Strings.csproj", "{4B7F62F9-5532-04DA-4132-46AAB3B2C157}"
EndProject
Project("{FAE04EC0-301F-11D3-BF4B-00C04F79EFBC}") = "4. LINQ", "4. LINQ\4. LINQ.csproj", "{C5730442-986C-1CFC-B036-185A21A15402}"
EndProject
Project("{FAE04EC0-301F-11D3-BF4B-00C04F79EFBC}") = "5. File IO", "5. File IO\5. File IO.csproj", "{4EBA0FDD-0B7D-A8D2-579E-31C4C1D8F5DD}"
EndProject
Global
	GlobalSection(SolutionConfigurationPlatforms) = preSolution
		Debug|Any CPU = Debug|Any CPU
		Release|Any CPU = Release|Any CPU
	EndGlobalSection
	GlobalSection(ProjectConfigurationPlatforms) = postSolution
		{9730A762-96D4-CDCA-0A09-6EF13AD94837}.Debug|Any CPU.ActiveCfg = Debug|Any CPU
		{9730A762-96D4-CDCA-0A09-6EF13AD94837}.Debug|Any CPU.Build.0 = Debug|Any CPU
		{9730A762-96D4-CDCA-0A09-6EF13AD94837}.Release|Any CPU.ActiveCfg = Release|Any CPU
		{9730A762-96D4-CDCA-0A09-6EF13AD94837}.Release|Any CPU.Build.0 = Release|Any CPU
		{FD3BD366-7135-621B-56E1-B395BE62A67B}.Debug|Any CPU.ActiveCfg = Debug|Any CPU
		{FD3BD366-7135-621B-56E1-B395BE62A67B}.Debug|Any CPU.Build.0 = Debug|Any CPU
		{FD3BD366-7135-621B-56E1-B395BE62A67B}.Release|Any CPU.ActiveCfg = Release|Any CPU
		{FD3BD366-7135-621B-56E1-B395BE62A67B}.Release|Any CPU.Build.0 = Release|Any CPU
		{4B7F62F9-5532-04DA-4132-46AAB3B2C157}.Debug|Any CPU.ActiveCfg = Debug|Any CPU
		{4B7F62F9-5532-04DA-4132-46AAB3B2C157}.Debug|Any CPU.Build.0 = Debug|Any CPU
		{4B7F62F9-5532-04DA-4132-46AAB3B2C157}.Release|Any CPU.ActiveCfg = Release|Any CPU
		{4B7F62F9-5532-04DA-4132-46AAB3B2C157}.Release|Any CPU.Build.0 = Release|Any CPU
		{C5730442-986C-1CFC-B036-185A21A15402}.Debug|Any CPU.ActiveCfg = Debug|Any CPU
		{C5730442-986C-1CFC-B036-185A21A15402}.Debug|Any CPU.Build.0 = Debug|Any CPU
		{C5730442-986C-1CFC-B036-185A21A15402}.Release|Any CPU.ActiveCfg = Release|Any CPU
		{C5730442-986C-1CFC-B036-185A21A15402}.Release|Any CPU.Build.0 = Release|Any CPU
		{4EBA0FDD-0B7D-A8D2-579E-31C4C1D8F5DD}.Debug|Any CPU.ActiveCfg = Debug|Any CPU
		{4EBA0FDD-0B7D-A8D2-579E-31C4C1D8F5DD}.Debug|Any CPU.Build.0 = Debug|Any CPU
		{4EBA0FDD-0B7D-A8D2-579E-31C4C1D8F5DD}.Release|Any CPU.ActiveCfg = Release|Any CPU
		{4EBA0FDD-0B7D-A8D2-579E-31C4C1D8F5DD}.Release|Any CPU.Build.0 = Release|Any CPU
	EndGlobalSection
	GlobalSection(SolutionProperties) = preSolution
		HideSolutionNode = FALSE
	EndGlobalSection
	GlobalSection(ExtensibilityGlobals) = postSolution
		SolutionGuid = {82C995BF-79F3-4E1F-B2ED-006725EA5A7E}
	EndGlobalSection
EndGlobal
